
Microsoft Visual Studio Solution File, Format Version 12.00
Project("{FAE04EC0-301F-11D3-BF4B-00C04F79EFBC}") = "CodedBar", "CodedBar.csproj", "{332798FB-787E-4BA4-9229-AA5F4E5F3A0F}"
EndProject
Global
	GlobalSection(SolutionConfigurationPlatforms) = preSolution
		Debug|Any CPU = Debug|Any CPU
		Release|Any CPU = Release|Any CPU
	EndGlobalSection
	GlobalSection(ProjectConfigurationPlatforms) = postSolution
		{332798FB-787E-4BA4-9229-AA5F4E5F3A0F}.Debug|Any CPU.ActiveCfg = Debug|Any CPU
		{332798FB-787E-4BA4-9229-AA5F4E5F3A0F}.Debug|Any CPU.Build.0 = Debug|Any CPU
		{332798FB-787E-4BA4-9229-AA5F4E5F3A0F}.Release|Any CPU.ActiveCfg = Release|Any CPU
		{332798FB-787E-4BA4-9229-AA5F4E5F3A0F}.Release|Any CPU.Build.0 = Release|Any CPU
	EndGlobalSection
EndGlobal
